Microsoft Visual Studio Solution File, Format Version 12.00
# Visual Studio Version 17
VisualStudioVersion = 17.5.2.0
MinimumVisualStudioVersion = 10.0.40219.1
Project("{FAE04EC0-301F-11D3-BF4B-00C04F79EFBC}") = "skynet-api-auth", "skynet-api-auth.csproj", "{EDEB5674-3047-62D1-5404-9335F6C804F2}"
EndProject
Global
	GlobalSection(SolutionConfigurationPlatforms) = preSolution
		Debug|Any CPU = Debug|Any CPU
		Release|Any CPU = Release|Any CPU
	EndGlobalSection
	GlobalSection(ProjectConfigurationPlatforms) = postSolution
		{EDEB5674-3047-62D1-5404-9335F6C804F2}.Debug|Any CPU.ActiveCfg = Debug|Any CPU
		{EDEB5674-3047-62D1-5404-9335F6C804F2}.Debug|Any CPU.Build.0 = Debug|Any CPU
		{EDEB5674-3047-62D1-5404-9335F6C804F2}.Release|Any CPU.ActiveCfg = Release|Any CPU
		{EDEB5674-3047-62D1-5404-9335F6C804F2}.Release|Any CPU.Build.0 = Release|Any CPU
	EndGlobalSection
	GlobalSection(SolutionProperties) = preSolution
		HideSolutionNode = FALSE
	EndGlobalSection
	GlobalSection(ExtensibilityGlobals) = postSolution
		SolutionGuid = {E1E5B589-F89F-419B-9701-FA66F79F6053}
	EndGlobalSection
EndGlobal
